
Microsoft Visual Studio Solution File, Format Version 12.00
# Visual Studio Version 16
VisualStudioVersion = 16.0.30225.117
MinimumVisualStudioVersion = 10.0.40219.1
Project("{FAE04EC0-301F-11D3-BF4B-00C04F79EFBC}") = "ConsolePortalOnline", "ConsolePortalOnline\ConsolePortalOnline.csproj", "{1CD39DE8-AEE0-4DD0-AAEA-B95294C72BA9}"
EndProject
Project("{FAE04EC0-301F-11D3-BF4B-00C04F79EFBC}") = "PuglinPortalOnline", "PuglinPortalOnline\PuglinPortalOnline.csproj", "{C01FDAE0-80F9-4B57-BAC1-365F6E9A3298}"
EndProject
Global
	GlobalSection(SolutionConfigurationPlatforms) = preSolution
		Debug|Any CPU = Debug|Any CPU
		Release|Any CPU = Release|Any CPU
	EndGlobalSection
	GlobalSection(ProjectConfigurationPlatforms) = postSolution
		{1CD39DE8-AEE0-4DD0-AAEA-B95294C72BA9}.Debug|Any CPU.ActiveCfg = Debug|Any CPU
		{1CD39DE8-AEE0-4DD0-AAEA-B95294C72BA9}.Debug|Any CPU.Build.0 = Debug|Any CPU
		{1CD39DE8-AEE0-4DD0-AAEA-B95294C72BA9}.Release|Any CPU.ActiveCfg = Release|Any CPU
		{1CD39DE8-AEE0-4DD0-AAEA-B95294C72BA9}.Release|Any CPU.Build.0 = Release|Any CPU
		{C01FDAE0-80F9-4B57-BAC1-365F6E9A3298}.Debug|Any CPU.ActiveCfg = Debug|Any CPU
		{C01FDAE0-80F9-4B57-BAC1-365F6E9A3298}.Debug|Any CPU.Build.0 = Debug|Any CPU
		{C01FDAE0-80F9-4B57-BAC1-365F6E9A3298}.Release|Any CPU.ActiveCfg = Release|Any CPU
		{C01FDAE0-80F9-4B57-BAC1-365F6E9A3298}.Release|Any CPU.Build.0 = Release|Any CPU
	EndGlobalSection
	GlobalSection(SolutionProperties) = preSolution
		HideSolutionNode = FALSE
	EndGlobalSection
	GlobalSection(ExtensibilityGlobals) = postSolution
		SolutionGuid = {3CB5E6FC-AFB8-4C8D-A9EE-2D0C244C7709}
	EndGlobalSection
EndGlobal
